
Microsoft Visual Studio Solution File, Format Version 12.00
# Visual Studio Version 17
VisualStudioVersion = 17.6.33815.320
MinimumVisualStudioVersion = 10.0.40219.1
Project("{888888A0-9F3D-457C-B088-3A5042F75D52}") = "solved3", "solved3.pyproj", "{9639D138-5BF5-45AB-8635-012D2DC090FB}"
EndProject
Global
	GlobalSection(SolutionConfigurationPlatforms) = preSolution
		Debug|Any CPU = Debug|Any CPU
		Release|Any CPU = Release|Any CPU
	EndGlobalSection
	GlobalSection(ProjectConfigurationPlatforms) = postSolution
		{9639D138-5BF5-45AB-8635-012D2DC090FB}.Debug|Any CPU.ActiveCfg = Debug|Any CPU
		{9639D138-5BF5-45AB-8635-012D2DC090FB}.Debug|Any CPU.Build.0 = Debug|Any CPU
		{9639D138-5BF5-45AB-8635-012D2DC090FB}.Release|Any CPU.ActiveCfg = Release|Any CPU
		{9639D138-5BF5-45AB-8635-012D2DC090FB}.Release|Any CPU.Build.0 = Release|Any CPU
	EndGlobalSection
	GlobalSection(SolutionProperties) = preSolution
		HideSolutionNode = FALSE
	EndGlobalSection
	GlobalSection(ExtensibilityGlobals) = postSolution
		SolutionGuid = {2FE096A3-2E6C-44F0-85BC-1B29789F1B71}
	EndGlobalSection
EndGlobal
