
Microsoft Visual Studio Solution File, Format Version 12.00
# Visual Studio Version 17
VisualStudioVersion = 17.6.33815.320
MinimumVisualStudioVersion = 10.0.40219.1
Project("{888888A0-9F3D-457C-B088-3A5042F75D52}") = "solved2", "solved2.pyproj", "{371F9354-7084-4189-B2A6-B57D032187F1}"
EndProject
Global
	GlobalSection(SolutionConfigurationPlatforms) = preSolution
		Debug|Any CPU = Debug|Any CPU
		Release|Any CPU = Release|Any CPU
	EndGlobalSection
	GlobalSection(ProjectConfigurationPlatforms) = postSolution
		{371F9354-7084-4189-B2A6-B57D032187F1}.Debug|Any CPU.ActiveCfg = Debug|Any CPU
		{371F9354-7084-4189-B2A6-B57D032187F1}.Debug|Any CPU.Build.0 = Debug|Any CPU
		{371F9354-7084-4189-B2A6-B57D032187F1}.Release|Any CPU.ActiveCfg = Release|Any CPU
		{371F9354-7084-4189-B2A6-B57D032187F1}.Release|Any CPU.Build.0 = Release|Any CPU
	EndGlobalSection
	GlobalSection(SolutionProperties) = preSolution
		HideSolutionNode = FALSE
	EndGlobalSection
	GlobalSection(ExtensibilityGlobals) = postSolution
		SolutionGuid = {78E5E5E7-4736-48F3-9B70-A4C588F10B45}
	EndGlobalSection
EndGlobal
